
Microsoft Visual Studio Solution File, Format Version 12.00
# Visual Studio 15
VisualStudioVersion = 15.0.27428.2015
MinimumVisualStudioVersion = 10.0.40219.1
Project("{FAE04EC0-301F-11D3-BF4B-00C04F79EFBC}") = "MyHotelApp", "MyHotelApp\MyHotelApp.csproj", "{E55669FB-62CE-4364-B425-C41100F98B97}"
EndProject
Global
	GlobalSection(SolutionConfigurationPlatforms) = preSolution
		Debug|Any CPU = Debug|Any CPU
		Release|Any CPU = Release|Any CPU
	EndGlobalSection
	GlobalSection(ProjectConfigurationPlatforms) = postSolution
		{E55669FB-62CE-4364-B425-C41100F98B97}.Debug|Any CPU.ActiveCfg = Debug|Any CPU
		{E55669FB-62CE-4364-B425-C41100F98B97}.Debug|Any CPU.Build.0 = Debug|Any CPU
		{E55669FB-62CE-4364-B425-C41100F98B97}.Release|Any CPU.ActiveCfg = Release|Any CPU
		{E55669FB-62CE-4364-B425-C41100F98B97}.Release|Any CPU.Build.0 = Release|Any CPU
	EndGlobalSection
	GlobalSection(SolutionProperties) = preSolution
		HideSolutionNode = FALSE
	EndGlobalSection
	GlobalSection(ExtensibilityGlobals) = postSolution
		SolutionGuid = {0A2126DF-B769-490A-8D2F-8C1513AC1C0E}
	EndGlobalSection
EndGlobal
